
Microsoft Visual Studio Solution File, Format Version 12.00
# Visual Studio 15
VisualStudioVersion = 15.0.28307.1705
MinimumVisualStudioVersion = 10.0.40219.1
Project("{8BC9CEB8-8B4A-11D0-8D11-00A0C91BC942}") = "FFmpeg_version", "FFmpeg_version\FFmpeg_version.vcxproj", "{47159CFF-308F-4F4F-B317-7529299294D5}"
EndProject
Project("{8BC9CEB8-8B4A-11D0-8D11-00A0C91BC942}") = "SDL_version", "SDL_version\SDL_version.vcxproj", "{742153D7-B290-48CA-8D7B-C913C8C7B95F}"
EndProject
Project("{8BC9CEB8-8B4A-11D0-8D11-00A0C91BC942}") = "SDL_play_YUV", "SDL_play_YUV\SDL_play_YUV.vcxproj", "{9D0AE21F-2779-444B-8B2A-BA5CB8D2673F}"
EndProject
Project("{8BC9CEB8-8B4A-11D0-8D11-00A0C91BC942}") = "FFmpeg_demux", "FFmpeg_demux\FFmpeg_demux.vcxproj", "{058712B9-85E7-4FF4-ACD8-490CA9AD23C6}"
EndProject
Global
	GlobalSection(SolutionConfigurationPlatforms) = preSolution
		Debug|x64 = Debug|x64
		Debug|x86 = Debug|x86
		Release|x64 = Release|x64
		Release|x86 = Release|x86
	EndGlobalSection
	GlobalSection(ProjectConfigurationPlatforms) = postSolution
		{47159CFF-308F-4F4F-B317-7529299294D5}.Debug|x64.ActiveCfg = Debug|x64
		{47159CFF-308F-4F4F-B317-7529299294D5}.Debug|x64.Build.0 = Debug|x64
		{47159CFF-308F-4F4F-B317-7529299294D5}.Debug|x86.ActiveCfg = Debug|Win32
		{47159CFF-308F-4F4F-B317-7529299294D5}.Debug|x86.Build.0 = Debug|Win32
		{47159CFF-308F-4F4F-B317-7529299294D5}.Release|x64.ActiveCfg = Release|x64
		{47159CFF-308F-4F4F-B317-7529299294D5}.Release|x64.Build.0 = Release|x64
		{47159CFF-308F-4F4F-B317-7529299294D5}.Release|x86.ActiveCfg = Release|Win32
		{47159CFF-308F-4F4F-B317-7529299294D5}.Release|x86.Build.0 = Release|Win32
		{742153D7-B290-48CA-8D7B-C913C8C7B95F}.Debug|x64.ActiveCfg = Debug|x64
		{742153D7-B290-48CA-8D7B-C913C8C7B95F}.Debug|x64.Build.0 = Debug|x64
		{742153D7-B290-48CA-8D7B-C913C8C7B95F}.Debug|x86.ActiveCfg = Debug|Win32
		{742153D7-B290-48CA-8D7B-C913C8C7B95F}.Debug|x86.Build.0 = Debug|Win32
		{742153D7-B290-48CA-8D7B-C913C8C7B95F}.Release|x64.ActiveCfg = Release|x64
		{742153D7-B290-48CA-8D7B-C913C8C7B95F}.Release|x64.Build.0 = Release|x64
		{742153D7-B290-48CA-8D7B-C913C8C7B95F}.Release|x86.ActiveCfg = Release|Win32
		{742153D7-B290-48CA-8D7B-C913C8C7B95F}.Release|x86.Build.0 = Release|Win32
		{9D0AE21F-2779-444B-8B2A-BA5CB8D2673F}.Debug|x64.ActiveCfg = Debug|x64
		{9D0AE21F-2779-444B-8B2A-BA5CB8D2673F}.Debug|x64.Build.0 = Debug|x64
		{9D0AE21F-2779-444B-8B2A-BA5CB8D2673F}.Debug|x86.ActiveCfg = Debug|Win32
		{9D0AE21F-2779-444B-8B2A-BA5CB8D2673F}.Debug|x86.Build.0 = Debug|Win32
		{9D0AE21F-2779-444B-8B2A-BA5CB8D2673F}.Release|x64.ActiveCfg = Release|x64
		{9D0AE21F-2779-444B-8B2A-BA5CB8D2673F}.Release|x64.Build.0 = Release|x64
		{9D0AE21F-2779-444B-8B2A-BA5CB8D2673F}.Release|x86.ActiveCfg = Release|Win32
		{9D0AE21F-2779-444B-8B2A-BA5CB8D2673F}.Release|x86.Build.0 = Release|Win32
		{058712B9-85E7-4FF4-ACD8-490CA9AD23C6}.Debug|x64.ActiveCfg = Debug|x64
		{058712B9-85E7-4FF4-ACD8-490CA9AD23C6}.Debug|x64.Build.0 = Debug|x64
		{058712B9-85E7-4FF4-ACD8-490CA9AD23C6}.Debug|x86.ActiveCfg = Debug|Win32
		{058712B9-85E7-4FF4-ACD8-490CA9AD23C6}.Debug|x86.Build.0 = Debug|Win32
		{058712B9-85E7-4FF4-ACD8-490CA9AD23C6}.Release|x64.ActiveCfg = Release|x64
		{058712B9-85E7-4FF4-ACD8-490CA9AD23C6}.Release|x64.Build.0 = Release|x64
		{058712B9-85E7-4FF4-ACD8-490CA9AD23C6}.Release|x86.ActiveCfg = Release|Win32
		{058712B9-85E7-4FF4-ACD8-490CA9AD23C6}.Release|x86.Build.0 = Release|Win32
	EndGlobalSection
	GlobalSection(SolutionProperties) = preSolution
		HideSolutionNode = FALSE
	EndGlobalSection
	GlobalSection(ExtensibilityGlobals) = postSolution
		SolutionGuid = {317D2389-91BE-454F-B7E7-4C7472CA6264}
	EndGlobalSection
EndGlobal
